{
  "name": "tester",
  "version": "1.0.0",
  "lockfileVersion": 3,
  "requires": true,
  "packages": {
    "": {
      "name": "tester",
      "version": "1.0.0",
      "dependencies": {
        "axe-api-client": "file:../../../"
      }
    },
    "../../..": {
      "version": "1.0.5",
      "license": "MIT",
      "devDependencies": {
        "@babel/preset-env": "^7.25.4",
        "@babel/preset-typescript": "^7.24.7",
        "@typescript-eslint/eslint-plugin": "^7.18.0",
        "eslint": "^8.57.1",
        "fetch-mock": "^9.11.0",
        "husky": "^9.1.6",
        "jest": "^29.7.0",
        "lint-staged": "^15.2.10",
        "microbundle": "^0.15.1",
        "prettier": "3.3.3"
      },
      "engines": {
        "node": ">=20.0.0"
      }
    },
    "node_modules/axe-api-client": {
      "resolved": "../../..",
      "link": true
    }
  }
}
